
Microsoft Visual Studio Solution File, Format Version 12.00
# Visual Studio Version 16
VisualStudioVersion = 16.0.30717.126
MinimumVisualStudioVersion = 10.0.40219.1
Project("{FAE04EC0-301F-11D3-BF4B-00C04F79EFBC}") = "In class example", "In class example\In class example.csproj", "{FE9E0840-0FC3-441A-B25C-29424E7C9592}"
EndProject
Global
	GlobalSection(SolutionConfigurationPlatforms) = preSolution
		Debug|Any CPU = Debug|Any CPU
		Release|Any CPU = Release|Any CPU
	EndGlobalSection
	GlobalSection(ProjectConfigurationPlatforms) = postSolution
		{FE9E0840-0FC3-441A-B25C-29424E7C9592}.Debug|Any CPU.ActiveCfg = Debug|Any CPU
		{FE9E0840-0FC3-441A-B25C-29424E7C9592}.Debug|Any CPU.Build.0 = Debug|Any CPU
		{FE9E0840-0FC3-441A-B25C-29424E7C9592}.Release|Any CPU.ActiveCfg = Release|Any CPU
		{FE9E0840-0FC3-441A-B25C-29424E7C9592}.Release|Any CPU.Build.0 = Release|Any CPU
	EndGlobalSection
	GlobalSection(SolutionProperties) = preSolution
		HideSolutionNode = FALSE
	EndGlobalSection
	GlobalSection(ExtensibilityGlobals) = postSolution
		SolutionGuid = {B32F2FA5-8880-4C31-B3A2-D07CE2488B97}
	EndGlobalSection
EndGlobal
