
Microsoft Visual Studio Solution File, Format Version 12.00
# Visual Studio Version 16
VisualStudioVersion = 16.0.30717.126
MinimumVisualStudioVersion = 10.0.40219.1
Project("{9A19103F-16F7-4668-BE54-9A1E7A4F7556}") = "WpfClasses", "WpfClasses\WpfClasses.csproj", "{2AFFEEDF-2A1D-4054-A78C-1CEA7FDD4B12}"
EndProject
Project("{FAE04EC0-301F-11D3-BF4B-00C04F79EFBC}") = "WPF_Files", "WPF_Files\WPF_Files.csproj", "{900CD9A9-68BA-4862-8D8F-4C1C246CF6D1}"
EndProject
Global
	GlobalSection(SolutionConfigurationPlatforms) = preSolution
		Debug|Any CPU = Debug|Any CPU
		Release|Any CPU = Release|Any CPU
	EndGlobalSection
	GlobalSection(ProjectConfigurationPlatforms) = postSolution
		{2AFFEEDF-2A1D-4054-A78C-1CEA7FDD4B12}.Debug|Any CPU.ActiveCfg = Debug|Any CPU
		{2AFFEEDF-2A1D-4054-A78C-1CEA7FDD4B12}.Debug|Any CPU.Build.0 = Debug|Any CPU
		{2AFFEEDF-2A1D-4054-A78C-1CEA7FDD4B12}.Release|Any CPU.ActiveCfg = Release|Any CPU
		{2AFFEEDF-2A1D-4054-A78C-1CEA7FDD4B12}.Release|Any CPU.Build.0 = Release|Any CPU
		{900CD9A9-68BA-4862-8D8F-4C1C246CF6D1}.Debug|Any CPU.ActiveCfg = Debug|Any CPU
		{900CD9A9-68BA-4862-8D8F-4C1C246CF6D1}.Debug|Any CPU.Build.0 = Debug|Any CPU
		{900CD9A9-68BA-4862-8D8F-4C1C246CF6D1}.Release|Any CPU.ActiveCfg = Release|Any CPU
		{900CD9A9-68BA-4862-8D8F-4C1C246CF6D1}.Release|Any CPU.Build.0 = Release|Any CPU
	EndGlobalSection
	GlobalSection(SolutionProperties) = preSolution
		HideSolutionNode = FALSE
	EndGlobalSection
	GlobalSection(ExtensibilityGlobals) = postSolution
		SolutionGuid = {08835F01-9C25-4B1F-8F1E-58F38873202F}
	EndGlobalSection
EndGlobal
